// !$*UTF8*$!
{
	archiveVersion = 1;
	classes = {
	};
	objectVersion = 56;
	objects = {

/* Begin PBXBuildFile section */
		D3225E942B3A047700B05F97 /* MenuService.swift in Sources */ = {isa = PBXBuildFile; fileRef = D3225E932B3A047700B05F97 /* MenuService.swift */; };
		D3225E962B3A067A00B05F97 /* MenuViewModel.swift in Sources */ = {isa = PBXBuildFile; fileRef = D3225E952B3A067A00B05F97 /* MenuViewModel.swift */; };
		D32E80A12B3DE6040042ED8E /* OrderConfirmationView.swift in Sources */ = {isa = PBXBuildFile; fileRef = D32E80A02B3DE6040042ED8E /* OrderConfirmationView.swift */; };
		D33902872B3B47B200095B13 /* CategoryViewModel.swift in Sources */ = {isa = PBXBuildFile; fileRef = D33902862B3B47B200095B13 /* CategoryViewModel.swift */; };
		D3698CEE2B3891BE0031CF28 /* OrderView.swift in Sources */ = {isa = PBXBuildFile; fileRef = D3698CED2B3891BE0031CF28 /* OrderView.swift */; };
		D36CB7E42B3CA9750052BE0A /* OrderViewModel.swift in Sources */ = {isa = PBXBuildFile; fileRef = D36CB7E32B3CA9750052BE0A /* OrderViewModel.swift */; };
		D3A0233B2B387B74003631EA /* OrderAppApp.swift in Sources */ = {isa = PBXBuildFile; fileRef = D3A0233A2B387B74003631EA /* OrderAppApp.swift */; };
		D3A0233D2B387B74003631EA /* RootView.swift in Sources */ = {isa = PBXBuildFile; fileRef = D3A0233C2B387B74003631EA /* RootView.swift */; };
		D3A0233F2B387B75003631EA /* Assets.xcassets in Resources */ = {isa = PBXBuildFile; fileRef = D3A0233E2B387B75003631EA /* Assets.xcassets */; };
		D3A023422B387B75003631EA /* Preview Assets.xcassets in Resources */ = {isa = PBXBuildFile; fileRef = D3A023412B387B75003631EA /* Preview Assets.xcassets */; };
		D3A023522B389081003631EA /* MenuItem.swift in Sources */ = {isa = PBXBuildFile; fileRef = D3A023512B389081003631EA /* MenuItem.swift */; };
		D3A023542B3890C8003631EA /* ResponseModels.swift in Sources */ = {isa = PBXBuildFile; fileRef = D3A023532B3890C8003631EA /* ResponseModels.swift */; };
		D3A023562B3890F5003631EA /* Order.swift in Sources */ = {isa = PBXBuildFile; fileRef = D3A023552B3890F5003631EA /* Order.swift */; };
		D3A023582B38911E003631EA /* MenuView.swift in Sources */ = {isa = PBXBuildFile; fileRef = D3A023572B38911E003631EA /* MenuView.swift */; };
		D3A0235A2B38913C003631EA /* MenuItemDetailView.swift in Sources */ = {isa = PBXBuildFile; fileRef = D3A023592B38913C003631EA /* MenuItemDetailView.swift */; };
		D3A0235C2B38914E003631EA /* CategoryView.swift in Sources */ = {isa = PBXBuildFile; fileRef = D3A0235B2B38914E003631EA /* CategoryView.swift */; };
/* End PBXBuildFile section */

/* Begin PBXFileReference section */
		D3225E932B3A047700B05F97 /* MenuService.swift */ = {isa = PBXFileReference; lastKnownFileType = sourcecode.swift; path = MenuService.swift; sourceTree = "<group>"; };
		D3225E952B3A067A00B05F97 /* MenuViewModel.swift */ = {isa = PBXFileReference; lastKnownFileType = sourcecode.swift; path = MenuViewModel.swift; sourceTree = "<group>"; };
		D32E80A02B3DE6040042ED8E /* OrderConfirmationView.swift */ = {isa = PBXFileReference; lastKnownFileType = sourcecode.swift; path = OrderConfirmationView.swift; sourceTree = "<group>"; };
		D33902862B3B47B200095B13 /* CategoryViewModel.swift */ = {isa = PBXFileReference; lastKnownFileType = sourcecode.swift; path = CategoryViewModel.swift; sourceTree = "<group>"; };
		D3698CED2B3891BE0031CF28 /* OrderView.swift */ = {isa = PBXFileReference; lastKnownFileType = sourcecode.swift; path = OrderView.swift; sourceTree = "<group>"; };
		D36CB7E32B3CA9750052BE0A /* OrderViewModel.swift */ = {isa = PBXFileReference; lastKnownFileType = sourcecode.swift; path = OrderViewModel.swift; sourceTree = "<group>"; };
		D3A023372B387B74003631EA /* OrderApp.app */ = {isa = PBXFileReference; explicitFileType = wrapper.application; includeInIndex = 0; path = OrderApp.app; sourceTree = BUILT_PRODUCTS_DIR; };
		D3A0233A2B387B74003631EA /* OrderAppApp.swift */ = {isa = PBXFileReference; lastKnownFileType = sourcecode.swift; path = OrderAppApp.swift; sourceTree = "<group>"; };
		D3A0233C2B387B74003631EA /* RootView.swift */ = {isa = PBXFileReference; lastKnownFileType = sourcecode.swift; path = RootView.swift; sourceTree = "<group>"; };
		D3A0233E2B387B75003631EA /* Assets.xcassets */ = {isa = PBXFileReference; lastKnownFileType = folder.assetcatalog; path = Assets.xcassets; sourceTree = "<group>"; };
		D3A023412B387B75003631EA /* Preview Assets.xcassets */ = {isa = PBXFileReference; lastKnownFileType = folder.assetcatalog; path = "Preview Assets.xcassets"; sourceTree = "<group>"; };
		D3A023502B389053003631EA /* Info.plist */ = {isa = PBXFileReference; lastKnownFileType = text.plist; path = Info.plist; sourceTree = "<group>"; };
		D3A023512B389081003631EA /* MenuItem.swift */ = {isa = PBXFileReference; lastKnownFileType = sourcecode.swift; path = MenuItem.swift; sourceTree = "<group>"; };
		D3A023532B3890C8003631EA /* ResponseModels.swift */ = {isa = PBXFileReference; lastKnownFileType = sourcecode.swift; path = ResponseModels.swift; sourceTree = "<group>"; };
		D3A023552B3890F5003631EA /* Order.swift */ = {isa = PBXFileReference; lastKnownFileType = sourcecode.swift; path = Order.swift; sourceTree = "<group>"; };
		D3A023572B38911E003631EA /* MenuView.swift */ = {isa = PBXFileReference; lastKnownFileType = sourcecode.swift; path = MenuView.swift; sourceTree = "<group>"; };
		D3A023592B38913C003631EA /* MenuItemDetailView.swift */ = {isa = PBXFileReference; lastKnownFileType = sourcecode.swift; path = MenuItemDetailView.swift; sourceTree = "<group>"; };
		D3A0235B2B38914E003631EA /* CategoryView.swift */ = {isa = PBXFileReference; lastKnownFileType = sourcecode.swift; path = CategoryView.swift; sourceTree = "<group>"; };
/* End PBXFileReference section */

/* Begin PBXFrameworksBuildPhase section */
		D3A023342B387B74003631EA /* Frameworks */ = {
			isa = PBXFrameworksBuildPhase;
			buildActionMask = 2147483647;
			files = (
			);
			runOnlyForDeploymentPostprocessing = 0;
		};
/* End PBXFrameworksBuildPhase section */

/* Begin PBXGroup section */
		D3225E972B3A15FB00B05F97 /* App */ = {
			isa = PBXGroup;
			children = (
				D3A0233A2B387B74003631EA /* OrderAppApp.swift */,
			);
			path = App;
			sourceTree = "<group>";
		};
		D3225E982B3A162000B05F97 /* Core */ = {
			isa = PBXGroup;
			children = (
				D3A0233C2B387B74003631EA /* RootView.swift */,
				D36CB7E02B3CA2A40052BE0A /* Category */,
				D36CB7E52B3CB01F0052BE0A /* Menu */,
				D36CB7E22B3CA2DE0052BE0A /* Order */,
				D36CB7E12B3CA2C30052BE0A /* Service */,
			);
			path = Core;
			sourceTree = "<group>";
		};
		D3225E992B3A16E400B05F97 /* Resources */ = {
			isa = PBXGroup;
			children = (
				D3A0233E2B387B75003631EA /* Assets.xcassets */,
			);
			path = Resources;
			sourceTree = "<group>";
		};
		D36CB7E02B3CA2A40052BE0A /* Category */ = {
			isa = PBXGroup;
			children = (
				D3A0235B2B38914E003631EA /* CategoryView.swift */,
				D33902862B3B47B200095B13 /* CategoryViewModel.swift */,
			);
			path = Category;
			sourceTree = "<group>";
		};
		D36CB7E12B3CA2C30052BE0A /* Service */ = {
			isa = PBXGroup;
			children = (
				D3225E932B3A047700B05F97 /* MenuService.swift */,
			);
			path = Service;
			sourceTree = "<group>";
		};
		D36CB7E22B3CA2DE0052BE0A /* Order */ = {
			isa = PBXGroup;
			children = (
				D3A023552B3890F5003631EA /* Order.swift */,
				D3698CED2B3891BE0031CF28 /* OrderView.swift */,
				D36CB7E32B3CA9750052BE0A /* OrderViewModel.swift */,
				D32E80A02B3DE6040042ED8E /* OrderConfirmationView.swift */,
			);
			path = Order;
			sourceTree = "<group>";
		};
		D36CB7E52B3CB01F0052BE0A /* Menu */ = {
			isa = PBXGroup;
			children = (
				D3A023512B389081003631EA /* MenuItem.swift */,
				D3A023592B38913C003631EA /* MenuItemDetailView.swift */,
				D3A023572B38911E003631EA /* MenuView.swift */,
				D3225E952B3A067A00B05F97 /* MenuViewModel.swift */,
			);
			path = Menu;
			sourceTree = "<group>";
		};
		D36CB7E62B3CB0400052BE0A /* Utils */ = {
			isa = PBXGroup;
			children = (
				D3A023532B3890C8003631EA /* ResponseModels.swift */,
			);
			path = Utils;
			sourceTree = "<group>";
		};
		D3A0232E2B387B74003631EA = {
			isa = PBXGroup;
			children = (
				D3A023392B387B74003631EA /* OrderApp */,
				D3A023382B387B74003631EA /* Products */,
			);
			sourceTree = "<group>";
		};
		D3A023382B387B74003631EA /* Products */ = {
			isa = PBXGroup;
			children = (
				D3A023372B387B74003631EA /* OrderApp.app */,
			);
			name = Products;
			sourceTree = "<group>";
		};
		D3A023392B387B74003631EA /* OrderApp */ = {
			isa = PBXGroup;
			children = (
				D3225E972B3A15FB00B05F97 /* App */,
				D3225E982B3A162000B05F97 /* Core */,
				D36CB7E62B3CB0400052BE0A /* Utils */,
				D3A023402B387B75003631EA /* Preview Content */,
				D3225E992B3A16E400B05F97 /* Resources */,
				D3A023502B389053003631EA /* Info.plist */,
			);
			path = OrderApp;
			sourceTree = "<group>";
		};
		D3A023402B387B75003631EA /* Preview Content */ = {
			isa = PBXGroup;
			children = (
				D3A023412B387B75003631EA /* Preview Assets.xcassets */,
			);
			path = "Preview Content";
			sourceTree = "<group>";
		};
/* End PBXGroup section */

/* Begin PBXNativeTarget section */
		D3A023362B387B74003631EA /* OrderApp */ = {
			isa = PBXNativeTarget;
			buildConfigurationList = D3A023452B387B75003631EA /* Build configuration list for PBXNativeTarget "OrderApp" */;
			buildPhases = (
				D3A023332B387B74003631EA /* Sources */,
				D3A023342B387B74003631EA /* Frameworks */,
				D3A023352B387B74003631EA /* Resources */,
			);
			buildRules = (
			);
			dependencies = (
			);
			name = OrderApp;
			productName = OrderApp;
			productReference = D3A023372B387B74003631EA /* OrderApp.app */;
			productType = "com.apple.product-type.application";
		};
/* End PBXNativeTarget section */

/* Begin PBXProject section */
		D3A0232F2B387B74003631EA /* Project object */ = {
			isa = PBXProject;
			attributes = {
				BuildIndependentTargetsInParallel = 1;
				LastSwiftUpdateCheck = 1510;
				LastUpgradeCheck = 1510;
				TargetAttributes = {
					D3A023362B387B74003631EA = {
						CreatedOnToolsVersion = 15.1;
					};
				};
			};
			buildConfigurationList = D3A023322B387B74003631EA /* Build configuration list for PBXProject "OrderApp" */;
			compatibilityVersion = "Xcode 14.0";
			developmentRegion = en;
			hasScannedForEncodings = 0;
			knownRegions = (
				en,
				Base,
			);
			mainGroup = D3A0232E2B387B74003631EA;
			productRefGroup = D3A023382B387B74003631EA /* Products */;
			projectDirPath = "";
			projectRoot = "";
			targets = (
				D3A023362B387B74003631EA /* OrderApp */,
			);
		};
/* End PBXProject section */

/* Begin PBXResourcesBuildPhase section */
		D3A023352B387B74003631EA /* Resources */ = {
			isa = PBXResourcesBuildPhase;
			buildActionMask = 2147483647;
			files = (
				D3A023422B387B75003631EA /* Preview Assets.xcassets in Resources */,
				D3A0233F2B387B75003631EA /* Assets.xcassets in Resources */,
			);
			runOnlyForDeploymentPostprocessing = 0;
		};
/* End PBXResourcesBuildPhase section */

/* Begin PBXSourcesBuildPhase section */
		D3A023332B387B74003631EA /* Sources */ = {
			isa = PBXSourcesBuildPhase;
			buildActionMask = 2147483647;
			files = (
				D3A0235A2B38913C003631EA /* MenuItemDetailView.swift in Sources */,
				D3A023522B389081003631EA /* MenuItem.swift in Sources */,
				D32E80A12B3DE6040042ED8E /* OrderConfirmationView.swift in Sources */,
				D3A023582B38911E003631EA /* MenuView.swift in Sources */,
				D3A0233D2B387B74003631EA /* RootView.swift in Sources */,
				D33902872B3B47B200095B13 /* CategoryViewModel.swift in Sources */,
				D3A023562B3890F5003631EA /* Order.swift in Sources */,
				D3225E962B3A067A00B05F97 /* MenuViewModel.swift in Sources */,
				D3A023542B3890C8003631EA /* ResponseModels.swift in Sources */,
				D3698CEE2B3891BE0031CF28 /* OrderView.swift in Sources */,
				D3A0235C2B38914E003631EA /* CategoryView.swift in Sources */,
				D36CB7E42B3CA9750052BE0A /* OrderViewModel.swift in Sources */,
				D3225E942B3A047700B05F97 /* MenuService.swift in Sources */,
				D3A0233B2B387B74003631EA /* OrderAppApp.swift in Sources */,
			);
			runOnlyForDeploymentPostprocessing = 0;
		};
/* End PBXSourcesBuildPhase section */

/* Begin XCBuildConfiguration section */
		D3A023432B387B75003631EA /* Debug */ = {
			isa = XCBuildConfiguration;
			buildSettings = {
				ALWAYS_SEARCH_USER_PATHS = NO;
				ASSETCATALOG_COMPILER_GENERATE_SWIFT_ASSET_SYMBOL_EXTENSIONS = YES;
				CLANG_ANALYZER_NONNULL = YES;
				CLANG_ANALYZER_NUMBER_OBJECT_CONVERSION = YES_AGGRESSIVE;
				CLANG_CXX_LANGUAGE_STANDARD = "gnu++20";
				CLANG_ENABLE_MODULES = YES;
				CLANG_ENABLE_OBJC_ARC = YES;
				CLANG_ENABLE_OBJC_WEAK = YES;
				CLANG_WARN_BLOCK_CAPTURE_AUTORELEASING = YES;
				CLANG_WARN_BOOL_CONVERSION = YES;
				CLANG_WARN_COMMA = YES;
				CLANG_WARN_CONSTANT_CONVERSION = YES;
				CLANG_WARN_DEPRECATED_OBJC_IMPLEMENTATIONS = YES;
				CLANG_WARN_DIRECT_OBJC_ISA_USAGE = YES_ERROR;
				CLANG_WARN_DOCUMENTATION_COMMENTS = YES;
				CLANG_WARN_EMPTY_BODY = YES;
				CLANG_WARN_ENUM_CONVERSION = YES;
				CLANG_WARN_INFINITE_RECURSION = YES;
				CLANG_WARN_INT_CONVERSION = YES;
				CLANG_WARN_NON_LITERAL_NULL_CONVERSION = YES;
				CLANG_WARN_OBJC_IMPLICIT_RETAIN_SELF = YES;
				CLANG_WARN_OBJC_LITERAL_CONVERSION = YES;
				CLANG_WARN_OBJC_ROOT_CLASS = YES_ERROR;
				CLANG_WARN_QUOTED_INCLUDE_IN_FRAMEWORK_HEADER = YES;
				CLANG_WARN_RANGE_LOOP_ANALYSIS = YES;
				CLANG_WARN_STRICT_PROTOTYPES = YES;
				CLANG_WARN_SUSPICIOUS_MOVE = YES;
				CLANG_WARN_UNGUARDED_AVAILABILITY = YES_AGGRESSIVE;
				CLANG_WARN_UNREACHABLE_CODE = YES;
				CLANG_WARN__DUPLICATE_METHOD_MATCH = YES;
				COPY_PHASE_STRIP = NO;
				DEBUG_INFORMATION_FORMAT = dwarf;
				ENABLE_STRICT_OBJC_MSGSEND = YES;
				ENABLE_TESTABILITY = YES;
				ENABLE_USER_SCRIPT_SANDBOXING = YES;
				GCC_C_LANGUAGE_STANDARD = gnu17;
				GCC_DYNAMIC_NO_PIC = NO;
				GCC_NO_COMMON_BLOCKS = YES;
				GCC_OPTIMIZATION_LEVEL = 0;
				GCC_PREPROCESSOR_DEFINITIONS = (
					"DEBUG=1",
					"$(inherited)",
				);
				GCC_WARN_64_TO_32_BIT_CONVERSION = YES;
				GCC_WARN_ABOUT_RETURN_TYPE = YES_ERROR;
				GCC_WARN_UNDECLARED_SELECTOR = YES;
				GCC_WARN_UNINITIALIZED_AUTOS = YES_AGGRESSIVE;
				GCC_WARN_UNUSED_FUNCTION = YES;
				GCC_WARN_UNUSED_VARIABLE = YES;
				IPHONEOS_DEPLOYMENT_TARGET = 17.2;
				LOCALIZATION_PREFERS_STRING_CATALOGS = YES;
				MTL_ENABLE_DEBUG_INFO = INCLUDE_SOURCE;
				MTL_FAST_MATH = YES;
				ONLY_ACTIVE_ARCH = YES;
				SDKROOT = iphoneos;
				SWIFT_ACTIVE_COMPILATION_CONDITIONS = "DEBUG $(inherited)";
				SWIFT_OPTIMIZATION_LEVEL = "-Onone";
			};
			name = Debug;
		};
		D3A023442B387B75003631EA /* Release */ = {
			isa = XCBuildConfiguration;
			buildSettings = {
				ALWAYS_SEARCH_USER_PATHS = NO;
				ASSETCATALOG_COMPILER_GENERATE_SWIFT_ASSET_SYMBOL_EXTENSIONS = YES;
				CLANG_ANALYZER_NONNULL = YES;
				CLANG_ANALYZER_NUMBER_OBJECT_CONVERSION = YES_AGGRESSIVE;
				CLANG_CXX_LANGUAGE_STANDARD = "gnu++20";
				CLANG_ENABLE_MODULES = YES;
				CLANG_ENABLE_OBJC_ARC = YES;
				CLANG_ENABLE_OBJC_WEAK = YES;
				CLANG_WARN_BLOCK_CAPTURE_AUTORELEASING = YES;
				CLANG_WARN_BOOL_CONVERSION = YES;
				CLANG_WARN_COMMA = YES;
				CLANG_WARN_CONSTANT_CONVERSION = YES;
				CLANG_WARN_DEPRECATED_OBJC_IMPLEMENTATIONS = YES;
				CLANG_WARN_DIRECT_OBJC_ISA_USAGE = YES_ERROR;
				CLANG_WARN_DOCUMENTATION_COMMENTS = YES;
				CLANG_WARN_EMPTY_BODY = YES;
				CLANG_WARN_ENUM_CONVERSION = YES;
				CLANG_WARN_INFINITE_RECURSION = YES;
				CLANG_WARN_INT_CONVERSION = YES;
				CLANG_WARN_NON_LITERAL_NULL_CONVERSION = YES;
				CLANG_WARN_OBJC_IMPLICIT_RETAIN_SELF = YES;
				CLANG_WARN_OBJC_LITERAL_CONVERSION = YES;
				CLANG_WARN_OBJC_ROOT_CLASS = YES_ERROR;
				CLANG_WARN_QUOTED_INCLUDE_IN_FRAMEWORK_HEADER = YES;
				CLANG_WARN_RANGE_LOOP_ANALYSIS = YES;
				CLANG_WARN_STRICT_PROTOTYPES = YES;
				CLANG_WARN_SUSPICIOUS_MOVE = YES;
				CLANG_WARN_UNGUARDED_AVAILABILITY = YES_AGGRESSIVE;
				CLANG_WARN_UNREACHABLE_CODE = YES;
				CLANG_WARN__DUPLICATE_METHOD_MATCH = YES;
				COPY_PHASE_STRIP = NO;
				DEBUG_INFORMATION_FORMAT = "dwarf-with-dsym";
				ENABLE_NS_ASSERTIONS = NO;
				ENABLE_STRICT_OBJC_MSGSEND = YES;
				ENABLE_USER_SCRIPT_SANDBOXING = YES;
				GCC_C_LANGUAGE_STANDARD = gnu17;
				GCC_NO_COMMON_BLOCKS = YES;
				GCC_WARN_64_TO_32_BIT_CONVERSION = YES;
				GCC_WARN_ABOUT_RETURN_TYPE = YES_ERROR;
				GCC_WARN_UNDECLARED_SELECTOR = YES;
				GCC_WARN_UNINITIALIZED_AUTOS = YES_AGGRESSIVE;
				GCC_WARN_UNUSED_FUNCTION = YES;
				GCC_WARN_UNUSED_VARIABLE = YES;
				IPHONEOS_DEPLOYMENT_TARGET = 17.2;
				LOCALIZATION_PREFERS_STRING_CATALOGS = YES;
				MTL_ENABLE_DEBUG_INFO = NO;
				MTL_FAST_MATH = YES;
				SDKROOT = iphoneos;
				SWIFT_COMPILATION_MODE = wholemodule;
				VALIDATE_PRODUCT = YES;
			};
			name = Release;
		};
		D3A023462B387B75003631EA /* Debug */ = {
			isa = XCBuildConfiguration;
			buildSettings = {
				ASSETCATALOG_COMPILER_APPICON_NAME = AppIcon;
				ASSETCATALOG_COMPILER_GLOBAL_ACCENT_COLOR_NAME = AccentColor;
				CODE_SIGN_STYLE = Automatic;
				CURRENT_PROJECT_VERSION = 1;
				DEVELOPMENT_ASSET_PATHS = "\"OrderApp/Preview Content\"";
				DEVELOPMENT_TEAM = LKA4A6WMZA;
				ENABLE_PREVIEWS = YES;
				GENERATE_INFOPLIST_FILE = YES;
				INFOPLIST_FILE = OrderApp/Info.plist;
				INFOPLIST_KEY_UIApplicationSceneManifest_Generation = YES;
				INFOPLIST_KEY_UIApplicationSupportsIndirectInputEvents = YES;
				INFOPLIST_KEY_UILaunchScreen_Generation = YES;
				INFOPLIST_KEY_UISupportedInterfaceOrientations_iPad = "UIInterfaceOrientationPortrait UIInterfaceOrientationPortraitUpsideDown UIInterfaceOrientationLandscapeLeft UIInterfaceOrientationLandscapeRight";
				INFOPLIST_KEY_UISupportedInterfaceOrientations_iPhone = "UIInterfaceOrientationPortrait UIInterfaceOrientationLandscapeLeft UIInterfaceOrientationLandscapeRight";
				LD_RUNPATH_SEARCH_PATHS = (
					"$(inherited)",
					"@executable_path/Frameworks",
				);
				MARKETING_VERSION = 1.0;
				PRODUCT_BUNDLE_IDENTIFIER = eduard.OrderApp;
				PRODUCT_NAME = "$(TARGET_NAME)";
				SWIFT_EMIT_LOC_STRINGS = YES;
				SWIFT_VERSION = 5.0;
				TARGETED_DEVICE_FAMILY = "1,2";
			};
			name = Debug;
		};
		D3A023472B387B75003631EA /* Release */ = {
			isa = XCBuildConfiguration;
			buildSettings = {
				ASSETCATALOG_COMPILER_APPICON_NAME = AppIcon;
				ASSETCATALOG_COMPILER_GLOBAL_ACCENT_COLOR_NAME = AccentColor;
				CODE_SIGN_STYLE = Automatic;
				CURRENT_PROJECT_VERSION = 1;
				DEVELOPMENT_ASSET_PATHS = "\"OrderApp/Preview Content\"";
				DEVELOPMENT_TEAM = LKA4A6WMZA;
				ENABLE_PREVIEWS = YES;
				GENERATE_INFOPLIST_FILE = YES;
				INFOPLIST_FILE = OrderApp/Info.plist;
				INFOPLIST_KEY_UIApplicationSceneManifest_Generation = YES;
				INFOPLIST_KEY_UIApplicationSupportsIndirectInputEvents = YES;
				INFOPLIST_KEY_UILaunchScreen_Generation = YES;
				INFOPLIST_KEY_UISupportedInterfaceOrientations_iPad = "UIInterfaceOrientationPortrait UIInterfaceOrientationPortraitUpsideDown UIInterfaceOrientationLandscapeLeft UIInterfaceOrientationLandscapeRight";
				INFOPLIST_KEY_UISupportedInterfaceOrientations_iPhone = "UIInterfaceOrientationPortrait UIInterfaceOrientationLandscapeLeft UIInterfaceOrientationLandscapeRight";
				LD_RUNPATH_SEARCH_PATHS = (
					"$(inherited)",
					"@executable_path/Frameworks",
				);
				MARKETING_VERSION = 1.0;
				PRODUCT_BUNDLE_IDENTIFIER = eduard.OrderApp;
				PRODUCT_NAME = "$(TARGET_NAME)";
				SWIFT_EMIT_LOC_STRINGS = YES;
				SWIFT_VERSION = 5.0;
				TARGETED_DEVICE_FAMILY = "1,2";
			};
			name = Release;
		};
/* End XCBuildConfiguration section */

/* Begin XCConfigurationList section */
		D3A023322B387B74003631EA /* Build configuration list for PBXProject "OrderApp" */ = {
			isa = XCConfigurationList;
			buildConfigurations = (
				D3A023432B387B75003631EA /* Debug */,
				D3A023442B387B75003631EA /* Release */,
			);
			defaultConfigurationIsVisible = 0;
			defaultConfigurationName = Release;
		};
		D3A023452B387B75003631EA /* Build configuration list for PBXNativeTarget "OrderApp" */ = {
			isa = XCConfigurationList;
			buildConfigurations = (
				D3A023462B387B75003631EA /* Debug */,
				D3A023472B387B75003631EA /* Release */,
			);
			defaultConfigurationIsVisible = 0;
			defaultConfigurationName = Release;
		};
/* End XCConfigurationList section */
	};
	rootObject = D3A0232F2B387B74003631EA /* Project object */;
}
